
Microsoft Visual Studio Solution File, Format Version 12.00
# Visual Studio Version 17
VisualStudioVersion = 17.14.36616.10
MinimumVisualStudioVersion = 10.0.40219.1
Project("{FAE04EC0-301F-11D3-BF4B-00C04F79EFBC}") = "CSharpHealth.Cli", "CSharpHealth.Cli\CSharpHealth.Cli.csproj", "{43787A9E-2FEC-4F14-937C-46F586171E6E}"
EndProject
Project("{FAE04EC0-301F-11D3-BF4B-00C04F79EFBC}") = "CSharpHealth.Tests", "CSharpHealth.Test\CSharpHealth.Tests.csproj", "{C027AAE4-87C0-4D90-9075-B4CF6676EC37}"
EndProject
Project("{FAE04EC0-301F-11D3-BF4B-00C04F79EFBC}") = "CSharpHealth.Core", "CSharpHealth.Core\CSharpHealth.Core.csproj", "{616497E7-96D9-4D68-8FEB-74EE7B5D4865}"
EndProject
Project("{FAE04EC0-301F-11D3-BF4B-00C04F79EFBC}") = "CSharpHealth.Desktop", "CSharpHealth.Desktop\CSharpHealth.Desktop.csproj", "{06190047-5309-4E70-9490-C258A561FB2D}"
EndProject
Project("{2150E333-8FDC-42A3-9474-1A3956D46DE8}") = "Elementi di soluzione", "Elementi di soluzione", "{9DF70304-0A22-CE1E-AA12-D5904EE55694}"
	ProjectSection(SolutionItems) = preProject
		.gitignore = .gitignore
		README.md = README.md
	EndProjectSection
EndProject
Global
	GlobalSection(SolutionConfigurationPlatforms) = preSolution
		Debug|Any CPU = Debug|Any CPU
		Release|Any CPU = Release|Any CPU
	EndGlobalSection
	GlobalSection(ProjectConfigurationPlatforms) = postSolution
		{43787A9E-2FEC-4F14-937C-46F586171E6E}.Debug|Any CPU.ActiveCfg = Debug|Any CPU
		{43787A9E-2FEC-4F14-937C-46F586171E6E}.Debug|Any CPU.Build.0 = Debug|Any CPU
		{43787A9E-2FEC-4F14-937C-46F586171E6E}.Release|Any CPU.ActiveCfg = Release|Any CPU
		{43787A9E-2FEC-4F14-937C-46F586171E6E}.Release|Any CPU.Build.0 = Release|Any CPU
		{C027AAE4-87C0-4D90-9075-B4CF6676EC37}.Debug|Any CPU.ActiveCfg = Debug|Any CPU
		{C027AAE4-87C0-4D90-9075-B4CF6676EC37}.Debug|Any CPU.Build.0 = Debug|Any CPU
		{C027AAE4-87C0-4D90-9075-B4CF6676EC37}.Release|Any CPU.ActiveCfg = Release|Any CPU
		{C027AAE4-87C0-4D90-9075-B4CF6676EC37}.Release|Any CPU.Build.0 = Release|Any CPU
		{616497E7-96D9-4D68-8FEB-74EE7B5D4865}.Debug|Any CPU.ActiveCfg = Debug|Any CPU
		{616497E7-96D9-4D68-8FEB-74EE7B5D4865}.Debug|Any CPU.Build.0 = Debug|Any CPU
		{616497E7-96D9-4D68-8FEB-74EE7B5D4865}.Release|Any CPU.ActiveCfg = Release|Any CPU
		{616497E7-96D9-4D68-8FEB-74EE7B5D4865}.Release|Any CPU.Build.0 = Release|Any CPU
		{06190047-5309-4E70-9490-C258A561FB2D}.Debug|Any CPU.ActiveCfg = Debug|Any CPU
		{06190047-5309-4E70-9490-C258A561FB2D}.Debug|Any CPU.Build.0 = Debug|Any CPU
		{06190047-5309-4E70-9490-C258A561FB2D}.Release|Any CPU.ActiveCfg = Release|Any CPU
		{06190047-5309-4E70-9490-C258A561FB2D}.Release|Any CPU.Build.0 = Release|Any CPU
	EndGlobalSection
	GlobalSection(SolutionProperties) = preSolution
		HideSolutionNode = FALSE
	EndGlobalSection
	GlobalSection(ExtensibilityGlobals) = postSolution
		SolutionGuid = {8715EB72-8868-4E33-AB64-EB2F9635528E}
	EndGlobalSection
EndGlobal
